// !$*UTF8*$!
{
	archiveVersion = 1;
	classes = {
	};
	objectVersion = 46;
	objects = {

/* Begin PBXBuildFile section */
		C3073AE81BE2C77C00EC89B7 /* InitFunction.m in Sources */ = {isa = PBXBuildFile; fileRef = C3073AE21BE2C77C00EC89B7 /* InitFunction.m */; };
		C350BA701D38190C000E7C5A /* AIRExtHelpers.framework in Frameworks */ = {isa = PBXBuildFile; fileRef = C350BA6F1D38190C000E7C5A /* AIRExtHelpers.framework */; settings = {ATTRIBUTES = (Required, ); }; };
		C350BA931D384BF7000E7C5A /* SetSubscriptionFunction.m in Sources */ = {isa = PBXBuildFile; fileRef = C350BA921D384BF7000E7C5A /* SetSubscriptionFunction.m */; };
		C350BA961D3931BC000E7C5A /* SendTagsFunction.m in Sources */ = {isa = PBXBuildFile; fileRef = C350BA951D3931BC000E7C5A /* SendTagsFunction.m */; };
		C350BA991D393214000E7C5A /* DeleteTagsFunction.m in Sources */ = {isa = PBXBuildFile; fileRef = C350BA981D393214000E7C5A /* DeleteTagsFunction.m */; };
		C350BA9C1D393230000E7C5A /* GetTagsFunction.m in Sources */ = {isa = PBXBuildFile; fileRef = C350BA9B1D393230000E7C5A /* GetTagsFunction.m */; };
		C36015B51D37B4AC002E5373 /* OneSignalUIAppDelegate.m in Sources */ = {isa = PBXBuildFile; fileRef = C36015B41D37B4AC002E5373 /* OneSignalUIAppDelegate.m */; };
		C36015B81D37B5B8002E5373 /* AIROneSignal.m in Sources */ = {isa = PBXBuildFile; fileRef = C36015B71D37B5B8002E5373 /* AIROneSignal.m */; };
		C36015BB1D37BBA9002E5373 /* RegisterFunction.m in Sources */ = {isa = PBXBuildFile; fileRef = C36015BA1D37BBA9002E5373 /* RegisterFunction.m */; };
		C36015BE1D37E98E002E5373 /* GetSDKVersionFunction.m in Sources */ = {isa = PBXBuildFile; fileRef = C36015BD1D37E98E002E5373 /* GetSDKVersionFunction.m */; };
		C37A12791D3A3B7600FD0CF4 /* AreNotificationsEnabledFunction.m in Sources */ = {isa = PBXBuildFile; fileRef = C37A12781D3A3B7600FD0CF4 /* AreNotificationsEnabledFunction.m */; };
		C37A127C1D3A44D700FD0CF4 /* AreNotificationsAvailableFunction.m in Sources */ = {isa = PBXBuildFile; fileRef = C37A127B1D3A44D700FD0CF4 /* AreNotificationsAvailableFunction.m */; };
		C3B0B6E81D3CF9CF00E920AA /* PostNotificationFunction.m in Sources */ = {isa = PBXBuildFile; fileRef = C3B0B6E71D3CF9CF00E920AA /* PostNotificationFunction.m */; };
		C3B188051D64764600C558BF /* OneSignal.framework in Frameworks */ = {isa = PBXBuildFile; fileRef = C3B188041D64764600C558BF /* OneSignal.framework */; };
		C3FE9B0B1D3E89DF009B5046 /* SystemConfiguration.framework in Frameworks */ = {isa = PBXBuildFile; fileRef = C3FE9B0A1D3E89DF009B5046 /* SystemConfiguration.framework */; };
/* End PBXBuildFile section */

/* Begin PBXCopyFilesBuildPhase section */
		C35331DC1B7BCE8A003A7521 /* CopyFiles */ = {
			isa = PBXCopyFilesBuildPhase;
			buildActionMask = 2147483647;
			dstPath = "include/$(PRODUCT_NAME)";
			dstSubfolderSpec = 16;
			files = (
			);
			runOnlyForDeploymentPostprocessing = 0;
		};
/* End PBXCopyFilesBuildPhase section */

/* Begin PBXFileReference section */
		C3073AE11BE2C77C00EC89B7 /* InitFunction.h */ = {isa = PBXFileReference; fileEncoding = 4; lastKnownFileType = sourcecode.c.h; path = InitFunction.h; sourceTree = "<group>"; };
		C3073AE21BE2C77C00EC89B7 /* InitFunction.m */ = {isa = PBXFileReference; fileEncoding = 4; lastKnownFileType = sourcecode.c.objc; path = InitFunction.m; sourceTree = "<group>"; };
		C350BA6F1D38190C000E7C5A /* AIRExtHelpers.framework */ = {isa = PBXFileReference; lastKnownFileType = wrapper.framework; path = AIRExtHelpers.framework; sourceTree = "<group>"; };
		C350BA911D384BF7000E7C5A /* SetSubscriptionFunction.h */ = {isa = PBXFileReference; fileEncoding = 4; lastKnownFileType = sourcecode.c.h; path = SetSubscriptionFunction.h; sourceTree = "<group>"; };
		C350BA921D384BF7000E7C5A /* SetSubscriptionFunction.m */ = {isa = PBXFileReference; fileEncoding = 4; lastKnownFileType = sourcecode.c.objc; path = SetSubscriptionFunction.m; sourceTree = "<group>"; };
		C350BA941D3931BC000E7C5A /* SendTagsFunction.h */ = {isa = PBXFileReference; fileEncoding = 4; lastKnownFileType = sourcecode.c.h; path = SendTagsFunction.h; sourceTree = "<group>"; };
		C350BA951D3931BC000E7C5A /* SendTagsFunction.m */ = {isa = PBXFileReference; fileEncoding = 4; lastKnownFileType = sourcecode.c.objc; path = SendTagsFunction.m; sourceTree = "<group>"; };
		C350BA971D393214000E7C5A /* DeleteTagsFunction.h */ = {isa = PBXFileReference; fileEncoding = 4; lastKnownFileType = sourcecode.c.h; path = DeleteTagsFunction.h; sourceTree = "<group>"; };
		C350BA981D393214000E7C5A /* DeleteTagsFunction.m */ = {isa = PBXFileReference; fileEncoding = 4; lastKnownFileType = sourcecode.c.objc; path = DeleteTagsFunction.m; sourceTree = "<group>"; };
		C350BA9A1D393230000E7C5A /* GetTagsFunction.h */ = {isa = PBXFileReference; fileEncoding = 4; lastKnownFileType = sourcecode.c.h; path = GetTagsFunction.h; sourceTree = "<group>"; };
		C350BA9B1D393230000E7C5A /* GetTagsFunction.m */ = {isa = PBXFileReference; fileEncoding = 4; lastKnownFileType = sourcecode.c.objc; path = GetTagsFunction.m; sourceTree = "<group>"; };
		C35331DE1B7BCE8A003A7521 /* libOneSignal.a */ = {isa = PBXFileReference; explicitFileType = archive.ar; includeInIndex = 0; path = libOneSignal.a; sourceTree = BUILT_PRODUCTS_DIR; };
		C36015B31D37B4AC002E5373 /* OneSignalUIAppDelegate.h */ = {isa = PBXFileReference; fileEncoding = 4; lastKnownFileType = sourcecode.c.h; name = OneSignalUIAppDelegate.h; path = Utils/OneSignalUIAppDelegate.h; sourceTree = "<group>"; };
		C36015B41D37B4AC002E5373 /* OneSignalUIAppDelegate.m */ = {isa = PBXFileReference; fileEncoding = 4; lastKnownFileType = sourcecode.c.objc; name = OneSignalUIAppDelegate.m; path = Utils/OneSignalUIAppDelegate.m; sourceTree = "<group>"; };
		C36015B61D37B5B8002E5373 /* AIROneSignal.h */ = {isa = PBXFileReference; fileEncoding = 4; lastKnownFileType = sourcecode.c.h; path = AIROneSignal.h; sourceTree = "<group>"; };
		C36015B71D37B5B8002E5373 /* AIROneSignal.m */ = {isa = PBXFileReference; fileEncoding = 4; lastKnownFileType = sourcecode.c.objc; path = AIROneSignal.m; sourceTree = "<group>"; };
		C36015B91D37BBA9002E5373 /* RegisterFunction.h */ = {isa = PBXFileReference; fileEncoding = 4; lastKnownFileType = sourcecode.c.h; path = RegisterFunction.h; sourceTree = "<group>"; };
		C36015BA1D37BBA9002E5373 /* RegisterFunction.m */ = {isa = PBXFileReference; fileEncoding = 4; lastKnownFileType = sourcecode.c.objc; path = RegisterFunction.m; sourceTree = "<group>"; };
		C36015BC1D37E98E002E5373 /* GetSDKVersionFunction.h */ = {isa = PBXFileReference; fileEncoding = 4; lastKnownFileType = sourcecode.c.h; path = GetSDKVersionFunction.h; sourceTree = "<group>"; };
		C36015BD1D37E98E002E5373 /* GetSDKVersionFunction.m */ = {isa = PBXFileReference; fileEncoding = 4; lastKnownFileType = sourcecode.c.objc; path = GetSDKVersionFunction.m; sourceTree = "<group>"; };
		C36015BF1D37FB61002E5373 /* OneSignalEvent.h */ = {isa = PBXFileReference; lastKnownFileType = sourcecode.c.h; path = OneSignalEvent.h; sourceTree = "<group>"; };
		C37A12771D3A3B7600FD0CF4 /* AreNotificationsEnabledFunction.h */ = {isa = PBXFileReference; fileEncoding = 4; lastKnownFileType = sourcecode.c.h; path = AreNotificationsEnabledFunction.h; sourceTree = "<group>"; };
		C37A12781D3A3B7600FD0CF4 /* AreNotificationsEnabledFunction.m */ = {isa = PBXFileReference; fileEncoding = 4; lastKnownFileType = sourcecode.c.objc; path = AreNotificationsEnabledFunction.m; sourceTree = "<group>"; };
		C37A127A1D3A44D600FD0CF4 /* AreNotificationsAvailableFunction.h */ = {isa = PBXFileReference; fileEncoding = 4; lastKnownFileType = sourcecode.c.h; path = AreNotificationsAvailableFunction.h; sourceTree = "<group>"; };
		C37A127B1D3A44D700FD0CF4 /* AreNotificationsAvailableFunction.m */ = {isa = PBXFileReference; fileEncoding = 4; lastKnownFileType = sourcecode.c.objc; path = AreNotificationsAvailableFunction.m; sourceTree = "<group>"; };
		C3B0B6E61D3CF9CE00E920AA /* PostNotificationFunction.h */ = {isa = PBXFileReference; fileEncoding = 4; lastKnownFileType = sourcecode.c.h; path = PostNotificationFunction.h; sourceTree = "<group>"; };
		C3B0B6E71D3CF9CF00E920AA /* PostNotificationFunction.m */ = {isa = PBXFileReference; fileEncoding = 4; lastKnownFileType = sourcecode.c.objc; path = PostNotificationFunction.m; sourceTree = "<group>"; };
		C3B188041D64764600C558BF /* OneSignal.framework */ = {isa = PBXFileReference; lastKnownFileType = wrapper.framework; path = OneSignal.framework; sourceTree = "<group>"; };
		C3FE9B0A1D3E89DF009B5046 /* SystemConfiguration.framework */ = {isa = PBXFileReference; lastKnownFileType = wrapper.framework; name = SystemConfiguration.framework; path = System/Library/Frameworks/SystemConfiguration.framework; sourceTree = SDKROOT; };
/* End PBXFileReference section */

/* Begin PBXFrameworksBuildPhase section */
		C35331DB1B7BCE8A003A7521 /* Frameworks */ = {
			isa = PBXFrameworksBuildPhase;
			buildActionMask = 2147483647;
			files = (
				C3FE9B0B1D3E89DF009B5046 /* SystemConfiguration.framework in Frameworks */,
				C350BA701D38190C000E7C5A /* AIRExtHelpers.framework in Frameworks */,
				C3B188051D64764600C558BF /* OneSignal.framework in Frameworks */,
			);
			runOnlyForDeploymentPostprocessing = 0;
		};
/* End PBXFrameworksBuildPhase section */

/* Begin PBXGroup section */
		C3073AD51BE2C77C00EC89B7 /* OneSignal */ = {
			isa = PBXGroup;
			children = (
				C36015B61D37B5B8002E5373 /* AIROneSignal.h */,
				C36015B71D37B5B8002E5373 /* AIROneSignal.m */,
				C37509F81C79388900516C15 /* Frameworks */,
				C3073ADC1BE2C77C00EC89B7 /* Data */,
				C36015B21D37B494002E5373 /* Utils */,
				C3073AE01BE2C77C00EC89B7 /* Functions */,
			);
			path = OneSignal;
			sourceTree = "<group>";
		};
		C3073ADC1BE2C77C00EC89B7 /* Data */ = {
			isa = PBXGroup;
			children = (
				C36015BF1D37FB61002E5373 /* OneSignalEvent.h */,
			);
			path = Data;
			sourceTree = "<group>";
		};
		C3073AE01BE2C77C00EC89B7 /* Functions */ = {
			isa = PBXGroup;
			children = (
				C3073AE11BE2C77C00EC89B7 /* InitFunction.h */,
				C3073AE21BE2C77C00EC89B7 /* InitFunction.m */,
				C36015B91D37BBA9002E5373 /* RegisterFunction.h */,
				C36015BA1D37BBA9002E5373 /* RegisterFunction.m */,
				C36015BC1D37E98E002E5373 /* GetSDKVersionFunction.h */,
				C36015BD1D37E98E002E5373 /* GetSDKVersionFunction.m */,
				C350BA911D384BF7000E7C5A /* SetSubscriptionFunction.h */,
				C350BA921D384BF7000E7C5A /* SetSubscriptionFunction.m */,
				C350BA941D3931BC000E7C5A /* SendTagsFunction.h */,
				C350BA951D3931BC000E7C5A /* SendTagsFunction.m */,
				C350BA971D393214000E7C5A /* DeleteTagsFunction.h */,
				C350BA981D393214000E7C5A /* DeleteTagsFunction.m */,
				C350BA9A1D393230000E7C5A /* GetTagsFunction.h */,
				C350BA9B1D393230000E7C5A /* GetTagsFunction.m */,
				C37A12771D3A3B7600FD0CF4 /* AreNotificationsEnabledFunction.h */,
				C37A12781D3A3B7600FD0CF4 /* AreNotificationsEnabledFunction.m */,
				C37A127A1D3A44D600FD0CF4 /* AreNotificationsAvailableFunction.h */,
				C37A127B1D3A44D700FD0CF4 /* AreNotificationsAvailableFunction.m */,
				C3B0B6E61D3CF9CE00E920AA /* PostNotificationFunction.h */,
				C3B0B6E71D3CF9CF00E920AA /* PostNotificationFunction.m */,
			);
			path = Functions;
			sourceTree = "<group>";
		};
		C35331D51B7BCE8A003A7521 = {
			isa = PBXGroup;
			children = (
				C3FE9B0A1D3E89DF009B5046 /* SystemConfiguration.framework */,
				C3073AD51BE2C77C00EC89B7 /* OneSignal */,
				C35331DF1B7BCE8A003A7521 /* Products */,
			);
			sourceTree = "<group>";
		};
		C35331DF1B7BCE8A003A7521 /* Products */ = {
			isa = PBXGroup;
			children = (
				C35331DE1B7BCE8A003A7521 /* libOneSignal.a */,
			);
			name = Products;
			sourceTree = "<group>";
		};
		C36015B21D37B494002E5373 /* Utils */ = {
			isa = PBXGroup;
			children = (
				C36015B31D37B4AC002E5373 /* OneSignalUIAppDelegate.h */,
				C36015B41D37B4AC002E5373 /* OneSignalUIAppDelegate.m */,
			);
			name = Utils;
			sourceTree = "<group>";
		};
		C37509F81C79388900516C15 /* Frameworks */ = {
			isa = PBXGroup;
			children = (
				C3B188041D64764600C558BF /* OneSignal.framework */,
				C350BA6F1D38190C000E7C5A /* AIRExtHelpers.framework */,
			);
			path = Frameworks;
			sourceTree = "<group>";
		};
/* End PBXGroup section */

/* Begin PBXNativeTarget section */
		C35331DD1B7BCE8A003A7521 /* OneSignal */ = {
			isa = PBXNativeTarget;
			buildConfigurationList = C35331F21B7BCE8A003A7521 /* Build configuration list for PBXNativeTarget "OneSignal" */;
			buildPhases = (
				C35331DA1B7BCE8A003A7521 /* Sources */,
				C35331DB1B7BCE8A003A7521 /* Frameworks */,
				C35331DC1B7BCE8A003A7521 /* CopyFiles */,
			);
			buildRules = (
			);
			dependencies = (
			);
			name = OneSignal;
			productName = OneSignal;
			productReference = C35331DE1B7BCE8A003A7521 /* libOneSignal.a */;
			productType = "com.apple.product-type.library.static";
		};
/* End PBXNativeTarget section */

/* Begin PBXProject section */
		C35331D61B7BCE8A003A7521 /* Project object */ = {
			isa = PBXProject;
			attributes = {
				LastUpgradeCheck = 0640;
				ORGANIZATIONNAME = marpies;
				TargetAttributes = {
					C35331DD1B7BCE8A003A7521 = {
						CreatedOnToolsVersion = 6.4;
					};
				};
			};
			buildConfigurationList = C35331D91B7BCE8A003A7521 /* Build configuration list for PBXProject "OneSignal" */;
			compatibilityVersion = "Xcode 3.2";
			developmentRegion = English;
			hasScannedForEncodings = 0;
			knownRegions = (
				en,
			);
			mainGroup = C35331D51B7BCE8A003A7521;
			productRefGroup = C35331DF1B7BCE8A003A7521 /* Products */;
			projectDirPath = "";
			projectRoot = "";
			targets = (
				C35331DD1B7BCE8A003A7521 /* OneSignal */,
			);
		};
/* End PBXProject section */

/* Begin PBXSourcesBuildPhase section */
		C35331DA1B7BCE8A003A7521 /* Sources */ = {
			isa = PBXSourcesBuildPhase;
			buildActionMask = 2147483647;
			files = (
				C36015BB1D37BBA9002E5373 /* RegisterFunction.m in Sources */,
				C36015B81D37B5B8002E5373 /* AIROneSignal.m in Sources */,
				C3073AE81BE2C77C00EC89B7 /* InitFunction.m in Sources */,
				C350BA961D3931BC000E7C5A /* SendTagsFunction.m in Sources */,
				C3B0B6E81D3CF9CF00E920AA /* PostNotificationFunction.m in Sources */,
				C350BA931D384BF7000E7C5A /* SetSubscriptionFunction.m in Sources */,
				C36015B51D37B4AC002E5373 /* OneSignalUIAppDelegate.m in Sources */,
				C36015BE1D37E98E002E5373 /* GetSDKVersionFunction.m in Sources */,
				C350BA9C1D393230000E7C5A /* GetTagsFunction.m in Sources */,
				C350BA991D393214000E7C5A /* DeleteTagsFunction.m in Sources */,
				C37A12791D3A3B7600FD0CF4 /* AreNotificationsEnabledFunction.m in Sources */,
				C37A127C1D3A44D700FD0CF4 /* AreNotificationsAvailableFunction.m in Sources */,
			);
			runOnlyForDeploymentPostprocessing = 0;
		};
/* End PBXSourcesBuildPhase section */

/* Begin XCBuildConfiguration section */
		C35331F01B7BCE8A003A7521 /* Debug */ = {
			isa = XCBuildConfiguration;
			buildSettings = {
				ALWAYS_SEARCH_USER_PATHS = NO;
				CLANG_CXX_LANGUAGE_STANDARD = "gnu++0x";
				CLANG_CXX_LIBRARY = "libc++";
				CLANG_ENABLE_MODULES = YES;
				CLANG_ENABLE_OBJC_ARC = YES;
				CLANG_WARN_BOOL_CONVERSION = YES;
				CLANG_WARN_CONSTANT_CONVERSION = YES;
				CLANG_WARN_DIRECT_OBJC_ISA_USAGE = YES_ERROR;
				CLANG_WARN_EMPTY_BODY = YES;
				CLANG_WARN_ENUM_CONVERSION = YES;
				CLANG_WARN_INT_CONVERSION = YES;
				CLANG_WARN_OBJC_ROOT_CLASS = YES_ERROR;
				CLANG_WARN_UNREACHABLE_CODE = YES;
				CLANG_WARN__DUPLICATE_METHOD_MATCH = YES;
				COPY_PHASE_STRIP = NO;
				DEBUG_INFORMATION_FORMAT = "dwarf-with-dsym";
				ENABLE_STRICT_OBJC_MSGSEND = YES;
				GCC_C_LANGUAGE_STANDARD = gnu99;
				GCC_DYNAMIC_NO_PIC = NO;
				GCC_NO_COMMON_BLOCKS = YES;
				GCC_OPTIMIZATION_LEVEL = 0;
				GCC_PREPROCESSOR_DEFINITIONS = (
					"DEBUG=1",
					"$(inherited)",
				);
				GCC_SYMBOLS_PRIVATE_EXTERN = NO;
				GCC_WARN_64_TO_32_BIT_CONVERSION = YES;
				GCC_WARN_ABOUT_RETURN_TYPE = YES_ERROR;
				GCC_WARN_UNDECLARED_SELECTOR = YES;
				GCC_WARN_UNINITIALIZED_AUTOS = YES_AGGRESSIVE;
				GCC_WARN_UNUSED_FUNCTION = YES;
				GCC_WARN_UNUSED_VARIABLE = YES;
				IPHONEOS_DEPLOYMENT_TARGET = 7.0;
				MTL_ENABLE_DEBUG_INFO = YES;
				ONLY_ACTIVE_ARCH = YES;
				SDKROOT = iphoneos;
			};
			name = Debug;
		};
		C35331F11B7BCE8A003A7521 /* Release */ = {
			isa = XCBuildConfiguration;
			buildSettings = {
				ALWAYS_SEARCH_USER_PATHS = NO;
				CLANG_CXX_LANGUAGE_STANDARD = "gnu++0x";
				CLANG_CXX_LIBRARY = "libc++";
				CLANG_ENABLE_MODULES = YES;
				CLANG_ENABLE_OBJC_ARC = YES;
				CLANG_WARN_BOOL_CONVERSION = YES;
				CLANG_WARN_CONSTANT_CONVERSION = YES;
				CLANG_WARN_DIRECT_OBJC_ISA_USAGE = YES_ERROR;
				CLANG_WARN_EMPTY_BODY = YES;
				CLANG_WARN_ENUM_CONVERSION = YES;
				CLANG_WARN_INT_CONVERSION = YES;
				CLANG_WARN_OBJC_ROOT_CLASS = YES_ERROR;
				CLANG_WARN_UNREACHABLE_CODE = YES;
				CLANG_WARN__DUPLICATE_METHOD_MATCH = YES;
				COPY_PHASE_STRIP = NO;
				DEBUG_INFORMATION_FORMAT = "dwarf-with-dsym";
				ENABLE_NS_ASSERTIONS = NO;
				ENABLE_STRICT_OBJC_MSGSEND = YES;
				GCC_C_LANGUAGE_STANDARD = gnu99;
				GCC_NO_COMMON_BLOCKS = YES;
				GCC_WARN_64_TO_32_BIT_CONVERSION = YES;
				GCC_WARN_ABOUT_RETURN_TYPE = YES_ERROR;
				GCC_WARN_UNDECLARED_SELECTOR = YES;
				GCC_WARN_UNINITIALIZED_AUTOS = YES_AGGRESSIVE;
				GCC_WARN_UNUSED_FUNCTION = YES;
				GCC_WARN_UNUSED_VARIABLE = YES;
				IPHONEOS_DEPLOYMENT_TARGET = 7.0;
				MTL_ENABLE_DEBUG_INFO = NO;
				SDKROOT = iphoneos;
				VALIDATE_PRODUCT = YES;
			};
			name = Release;
		};
		C35331F31B7BCE8A003A7521 /* Debug */ = {
			isa = XCBuildConfiguration;
			buildSettings = {
				FRAMEWORK_SEARCH_PATHS = (
					"$(inherited)",
					"$(PROJECT_DIR)/OneSignal/Frameworks",
				);
				IPHONEOS_DEPLOYMENT_TARGET = 7.0;
				OTHER_LDFLAGS = "-ObjC";
				PRODUCT_NAME = "$(TARGET_NAME)";
				SKIP_INSTALL = YES;
			};
			name = Debug;
		};
		C35331F41B7BCE8A003A7521 /* Release */ = {
			isa = XCBuildConfiguration;
			buildSettings = {
				FRAMEWORK_SEARCH_PATHS = (
					"$(inherited)",
					"$(PROJECT_DIR)/OneSignal/Frameworks",
				);
				IPHONEOS_DEPLOYMENT_TARGET = 7.0;
				OTHER_LDFLAGS = "-ObjC";
				PRODUCT_NAME = "$(TARGET_NAME)";
				SKIP_INSTALL = YES;
			};
			name = Release;
		};
/* End XCBuildConfiguration section */

/* Begin XCConfigurationList section */
		C35331D91B7BCE8A003A7521 /* Build configuration list for PBXProject "OneSignal" */ = {
			isa = XCConfigurationList;
			buildConfigurations = (
				C35331F01B7BCE8A003A7521 /* Debug */,
				C35331F11B7BCE8A003A7521 /* Release */,
			);
			defaultConfigurationIsVisible = 0;
			defaultConfigurationName = Release;
		};
		C35331F21B7BCE8A003A7521 /* Build configuration list for PBXNativeTarget "OneSignal" */ = {
			isa = XCConfigurationList;
			buildConfigurations = (
				C35331F31B7BCE8A003A7521 /* Debug */,
				C35331F41B7BCE8A003A7521 /* Release */,
			);
			defaultConfigurationIsVisible = 0;
			defaultConfigurationName = Release;
		};
/* End XCConfigurationList section */
	};
	rootObject = C35331D61B7BCE8A003A7521 /* Project object */;
}
